PODS:
  - boost (1.76.0)
  - BVLinearGradient (2.6.2):
    - React-Core
  - CocoaAsyncSocket (7.6.5)
  - DoubleConversion (1.1.6)
  - FBLazyVector (0.69.4)
  - FBReactNativeSpec (0.69.4):
    - RCT-Folly (= 2021.06.28.00-v2)
    - RCTRequired (= 0.69.4)
    - RCTTypeSafety (= 0.69.4)
    - React-Core (= 0.69.4)
    - React-jsi (= 0.69.4)
    - ReactCommon/turbomodule/core (= 0.69.4)
  - Flipper (0.125.0):
    - Flipper-Folly (~> 2.6)
    - Flipper-RSocket (~> 1.4)
  - Flipper-Boost-iOSX (1.76.0.1.11)
  - Flipper-DoubleConversion (3.2.0.1)
  - Flipper-Fmt (7.1.7)
  - Flipper-Folly (2.6.10):
    - Flipper-Boost-iOSX
    - Flipper-DoubleConversion
    - Flipper-Fmt (= 7.1.7)
    - Flipper-Glog
    - libevent (~> 2.1.12)
    - OpenSSL-Universal (= 1.1.1100)
  - Flipper-Glog (0.5.0.5)
  - Flipper-PeerTalk (0.0.4)
  - Flipper-RSocket (1.4.3):
    - Flipper-Folly (~> 2.6)
  - FlipperKit (0.125.0):
    - FlipperKit/Core (= 0.125.0)
  - FlipperKit/Core (0.125.0):
    - Flipper (~> 0.125.0)
    - FlipperKit/CppBridge
    - FlipperKit/FBCxxFollyDynamicConvert
    - FlipperKit/FBDefines
    - FlipperKit/FKPortForwarding
    - SocketRocket (~> 0.6.0)
  - FlipperKit/CppBridge (0.125.0):
    - Flipper (~> 0.125.0)
  - FlipperKit/FBCxxFollyDynamicConvert (0.125.0):
    - Flipper-Folly (~> 2.6)
  - FlipperKit/FBDefines (0.125.0)
  - FlipperKit/FKPortForwarding (0.125.0):
    - CocoaAsyncSocket (~> 7.6)
    - Flipper-PeerTalk (~> 0.0.4)
  - FlipperKit/FlipperKitHighlightOverlay (0.125.0)
  - FlipperKit/FlipperKitLayoutHelpers (0.125.0):
    - FlipperKit/Core
    - FlipperKit/FlipperKitHighlightOverlay
    - FlipperKit/FlipperKitLayoutTextSearchable
  - FlipperKit/FlipperKitLayoutIOSDescriptors (0.125.0):
    - FlipperKit/Core
    - FlipperKit/FlipperKitHighlightOverlay
    - FlipperKit/FlipperKitLayoutHelpers
    - YogaKit (~> 1.18)
  - FlipperKit/FlipperKitLayoutPlugin (0.125.0):
    - FlipperKit/Core
    - FlipperKit/FlipperKitHighlightOverlay
    - FlipperKit/FlipperKitLayoutHelpers
    - FlipperKit/FlipperKitLayoutIOSDescriptors
    - FlipperKit/FlipperKitLayoutTextSearchable
    - YogaKit (~> 1.18)
  - FlipperKit/FlipperKitLayoutTextSearchable (0.125.0)
  - FlipperKit/FlipperKitNetworkPlugin (0.125.0):
    - FlipperKit/Core
  - FlipperKit/FlipperKitReactPlugin (0.125.0):
    - FlipperKit/Core
  - FlipperKit/FlipperKitUserDefaultsPlugin (0.125.0):
    - FlipperKit/Core
  - FlipperKit/SKIOSNetworkPlugin (0.125.0):
    - FlipperKit/Core
    - FlipperKit/FlipperKitNetworkPlugin
  - fmt (6.2.1)
  - glog (0.3.5)
  - GoogleDataTransport (9.2.0):
    - GoogleUtilities/Environment (~> 7.7)
    - nanopb (< 2.30910.0, >= 2.30908.0)
    - PromisesObjC (< 3.0, >= 1.2)
  - GoogleMLKit/BarcodeScanning (3.2.0):
    - GoogleMLKit/MLKitCore
    - MLKitBarcodeScanning (~> 2.2.0)
  - GoogleMLKit/MLKitCore (3.2.0):
    - MLKitCommon (~> 8.0.0)
  - GoogleToolboxForMac/DebugUtils (2.3.2):
    - GoogleToolboxForMac/Defines (= 2.3.2)
  - GoogleToolboxForMac/Defines (2.3.2)
  - GoogleToolboxForMac/Logger (2.3.2):
    - GoogleToolboxForMac/Defines (= 2.3.2)
  - "GoogleToolboxForMac/NSData+zlib (2.3.2)":
    - GoogleToolboxForMac/Defines (= 2.3.2)
  - "GoogleToolboxForMac/NSDictionary+URLArguments (2.3.2)":
    - GoogleToolboxForMac/DebugUtils (= 2.3.2)
    - GoogleToolboxForMac/Defines (= 2.3.2)
    - "GoogleToolboxForMac/NSString+URLArguments (= 2.3.2)"
  - "GoogleToolboxForMac/NSString+URLArguments (2.3.2)"
  - GoogleUtilities/Environment (7.8.0):
    - PromisesObjC (< 3.0, >= 1.2)
  - GoogleUtilities/Logger (7.8.0):
    - GoogleUtilities/Environment
  - GoogleUtilities/UserDefaults (7.8.0):
    - GoogleUtilities/Logger
  - GoogleUtilitiesComponents (1.1.0):
    - GoogleUtilities/Logger
  - GTMSessionFetcher/Core (1.7.2)
  - libevent (2.1.12)
  - MLImage (1.0.0-beta3)
  - MLKitBarcodeScanning (2.2.0):
    - MLKitCommon (~> 8.0)
    - MLKitVision (~> 4.2)
  - MLKitCommon (8.0.0):
    - GoogleDataTransport (~> 9.0)
    - GoogleToolboxForMac/Logger (~> 2.1)
    - "GoogleToolboxForMac/NSData+zlib (~> 2.1)"
    - "GoogleToolboxForMac/NSDictionary+URLArguments (~> 2.1)"
    - GoogleUtilities/UserDefaults (~> 7.0)
    - GoogleUtilitiesComponents (~> 1.0)
    - GTMSessionFetcher/Core (~> 1.1)
    - Protobuf (~> 3.12)
  - MLKitVision (4.2.0):
    - GoogleToolboxForMac/Logger (~> 2.1)
    - "GoogleToolboxForMac/NSData+zlib (~> 2.1)"
    - GTMSessionFetcher/Core (~> 1.1)
    - MLImage (= 1.0.0-beta3)
    - MLKitCommon (~> 8.0)
    - Protobuf (~> 3.12)
  - nanopb (2.30909.0):
    - nanopb/decode (= 2.30909.0)
    - nanopb/encode (= 2.30909.0)
  - nanopb/decode (2.30909.0)
  - nanopb/encode (2.30909.0)
  - OpenSSL-Universal (1.1.1100)
  - PromisesObjC (2.1.1)
  - Protobuf (3.21.9)
  - RCT-Folly (2021.06.28.00-v2):
    - boost
    - DoubleConversion
    - fmt (~> 6.2.1)
    - glog
    - RCT-Folly/Default (= 2021.06.28.00-v2)
  - RCT-Folly/Default (2021.06.28.00-v2):
    - boost
    - DoubleConversion
    - fmt (~> 6.2.1)
    - glog
  - RCTRequired (0.69.4)
  - RCTTypeSafety (0.69.4):
    - FBLazyVector (= 0.69.4)
    - RCTRequired (= 0.69.4)
    - React-Core (= 0.69.4)
  - React (0.69.4):
    - React-Core (= 0.69.4)
    - React-Core/DevSupport (= 0.69.4)
    - React-Core/RCTWebSocket (= 0.69.4)
    - React-RCTActionSheet (= 0.69.4)
    - React-RCTAnimation (= 0.69.4)
    - React-RCTBlob (= 0.69.4)
    - React-RCTImage (= 0.69.4)
    - React-RCTLinking (= 0.69.4)
    - React-RCTNetwork (= 0.69.4)
    - React-RCTSettings (= 0.69.4)
    - React-RCTText (= 0.69.4)
    - React-RCTVibration (= 0.69.4)
  - React-bridging (0.69.4):
    - RCT-Folly (= 2021.06.28.00-v2)
    - React-jsi (= 0.69.4)
  - React-callinvoker (0.69.4)
  - React-Codegen (0.69.4):
    - FBReactNativeSpec (= 0.69.4)
    - RCT-Folly (= 2021.06.28.00-v2)
    - RCTRequired (= 0.69.4)
    - RCTTypeSafety (= 0.69.4)
    - React-Core (= 0.69.4)
    - React-jsi (= 0.69.4)
    - React-jsiexecutor (= 0.69.4)
    - ReactCommon/turbomodule/core (= 0.69.4)
  - React-Core (0.69.4):
    - glog
    - RCT-Folly (= 2021.06.28.00-v2)
    - React-Core/Default (= 0.69.4)
    - React-cxxreact (= 0.69.4)
    - React-jsi (= 0.69.4)
    - React-jsiexecutor (= 0.69.4)
    - React-perflogger (= 0.69.4)
    - Yoga
  - React-Core/CoreModulesHeaders (0.69.4):
    - glog
    - RCT-Folly (= 2021.06.28.00-v2)
    - React-Core/Default
    - React-cxxreact (= 0.69.4)
    - React-jsi (= 0.69.4)
    - React-jsiexecutor (= 0.69.4)
    - React-perflogger (= 0.69.4)
    - Yoga
  - React-Core/Default (0.69.4):
    - glog
    - RCT-Folly (= 2021.06.28.00-v2)
    - React-cxxreact (= 0.69.4)
    - React-jsi (= 0.69.4)
    - React-jsiexecutor (= 0.69.4)
    - React-perflogger (= 0.69.4)
    - Yoga
  - React-Core/DevSupport (0.69.4):
    - glog
    - RCT-Folly (= 2021.06.28.00-v2)
    - React-Core/Default (= 0.69.4)
    - React-Core/RCTWebSocket (= 0.69.4)
    - React-cxxreact (= 0.69.4)
    - React-jsi (= 0.69.4)
    - React-jsiexecutor (= 0.69.4)
    - React-jsinspector (= 0.69.4)
    - React-perflogger (= 0.69.4)
    - Yoga
  - React-Core/RCTActionSheetHeaders (0.69.4):
    - glog
    - RCT-Folly (= 2021.06.28.00-v2)
    - React-Core/Default
    - React-cxxreact (= 0.69.4)
    - React-jsi (= 0.69.4)
    - React-jsiexecutor (= 0.69.4)
    - React-perflogger (= 0.69.4)
    - Yoga
  - React-Core/RCTAnimationHeaders (0.69.4):
    - glog
    - RCT-Folly (= 2021.06.28.00-v2)
    - React-Core/Default
    - React-cxxreact (= 0.69.4)
    - React-jsi (= 0.69.4)
    - React-jsiexecutor (= 0.69.4)
    - React-perflogger (= 0.69.4)
    - Yoga
  - React-Core/RCTBlobHeaders (0.69.4):
    - glog
    - RCT-Folly (= 2021.06.28.00-v2)
    - React-Core/Default
    - React-cxxreact (= 0.69.4)
    - React-jsi (= 0.69.4)
    - React-jsiexecutor (= 0.69.4)
    - React-perflogger (= 0.69.4)
    - Yoga
  - React-Core/RCTImageHeaders (0.69.4):
    - glog
    - RCT-Folly (= 2021.06.28.00-v2)
    - React-Core/Default
    - React-cxxreact (= 0.69.4)
    - React-jsi (= 0.69.4)
    - React-jsiexecutor (= 0.69.4)
    - React-perflogger (= 0.69.4)
    - Yoga
  - React-Core/RCTLinkingHeaders (0.69.4):
    - glog
    - RCT-Folly (= 2021.06.28.00-v2)
    - React-Core/Default
    - React-cxxreact (= 0.69.4)
    - React-jsi (= 0.69.4)
    - React-jsiexecutor (= 0.69.4)
    - React-perflogger (= 0.69.4)
    - Yoga
  - React-Core/RCTNetworkHeaders (0.69.4):
    - glog
    - RCT-Folly (= 2021.06.28.00-v2)
    - React-Core/Default
    - React-cxxreact (= 0.69.4)
    - React-jsi (= 0.69.4)
    - React-jsiexecutor (= 0.69.4)
    - React-perflogger (= 0.69.4)
    - Yoga
  - React-Core/RCTSettingsHeaders (0.69.4):
    - glog
    - RCT-Folly (= 2021.06.28.00-v2)
    - React-Core/Default
    - React-cxxreact (= 0.69.4)
    - React-jsi (= 0.69.4)
    - React-jsiexecutor (= 0.69.4)
    - React-perflogger (= 0.69.4)
    - Yoga
  - React-Core/RCTTextHeaders (0.69.4):
    - glog
    - RCT-Folly (= 2021.06.28.00-v2)
    - React-Core/Default
    - React-cxxreact (= 0.69.4)
    - React-jsi (= 0.69.4)
    - React-jsiexecutor (= 0.69.4)
    - React-perflogger (= 0.69.4)
    - Yoga
  - React-Core/RCTVibrationHeaders (0.69.4):
    - glog
    - RCT-Folly (= 2021.06.28.00-v2)
    - React-Core/Default
    - React-cxxreact (= 0.69.4)
    - React-jsi (= 0.69.4)
    - React-jsiexecutor (= 0.69.4)
    - React-perflogger (= 0.69.4)
    - Yoga
  - React-Core/RCTWebSocket (0.69.4):
    - glog
    - RCT-Folly (= 2021.06.28.00-v2)
    - React-Core/Default (= 0.69.4)
    - React-cxxreact (= 0.69.4)
    - React-jsi (= 0.69.4)
    - React-jsiexecutor (= 0.69.4)
    - React-perflogger (= 0.69.4)
    - Yoga
  - React-CoreModules (0.69.4):
    - RCT-Folly (= 2021.06.28.00-v2)
    - RCTTypeSafety (= 0.69.4)
    - React-Codegen (= 0.69.4)
    - React-Core/CoreModulesHeaders (= 0.69.4)
    - React-jsi (= 0.69.4)
    - React-RCTImage (= 0.69.4)
    - ReactCommon/turbomodule/core (= 0.69.4)
  - React-cxxreact (0.69.4):
    - boost (= 1.76.0)
    - DoubleConversion
    - glog
    - RCT-Folly (= 2021.06.28.00-v2)
    - React-callinvoker (= 0.69.4)
    - React-jsi (= 0.69.4)
    - React-jsinspector (= 0.69.4)
    - React-logger (= 0.69.4)
    - React-perflogger (= 0.69.4)
    - React-runtimeexecutor (= 0.69.4)
  - React-jsi (0.69.4):
    - boost (= 1.76.0)
    - DoubleConversion
    - glog
    - RCT-Folly (= 2021.06.28.00-v2)
    - React-jsi/Default (= 0.69.4)
  - React-jsi/Default (0.69.4):
    - boost (= 1.76.0)
    - DoubleConversion
    - glog
    - RCT-Folly (= 2021.06.28.00-v2)
  - React-jsiexecutor (0.69.4):
    - DoubleConversion
    - glog
    - RCT-Folly (= 2021.06.28.00-v2)
    - React-cxxreact (= 0.69.4)
    - React-jsi (= 0.69.4)
    - React-perflogger (= 0.69.4)
  - React-jsinspector (0.69.4)
  - React-logger (0.69.4):
    - glog
  - react-native-blur (4.2.0):
    - React-Core
  - react-native-get-random-values (1.8.0):
    - React-Core
  - react-native-mail (6.1.1):
    - React-Core
  - react-native-netinfo (9.3.6):
    - React-Core
  - react-native-randombytes (3.6.1):
    - React-Core
  - react-native-render-html (6.3.4):
    - React-Core
  - react-native-safe-area-context (4.3.3):
    - RCT-Folly
    - RCTRequired
    - RCTTypeSafety
    - React-Core
    - ReactCommon/turbomodule/core
  - react-native-version-number (0.3.6):
    - React
  - react-native-webview (11.23.0):
    - React-Core
  - React-perflogger (0.69.4)
  - React-RCTActionSheet (0.69.4):
    - React-Core/RCTActionSheetHeaders (= 0.69.4)
  - React-RCTAnimation (0.69.4):
    - RCT-Folly (= 2021.06.28.00-v2)
    - RCTTypeSafety (= 0.69.4)
    - React-Codegen (= 0.69.4)
    - React-Core/RCTAnimationHeaders (= 0.69.4)
    - React-jsi (= 0.69.4)
    - ReactCommon/turbomodule/core (= 0.69.4)
  - React-RCTBlob (0.69.4):
    - RCT-Folly (= 2021.06.28.00-v2)
    - React-Codegen (= 0.69.4)
    - React-Core/RCTBlobHeaders (= 0.69.4)
    - React-Core/RCTWebSocket (= 0.69.4)
    - React-jsi (= 0.69.4)
    - React-RCTNetwork (= 0.69.4)
    - ReactCommon/turbomodule/core (= 0.69.4)
  - React-RCTImage (0.69.4):
    - RCT-Folly (= 2021.06.28.00-v2)
    - RCTTypeSafety (= 0.69.4)
    - React-Codegen (= 0.69.4)
    - React-Core/RCTImageHeaders (= 0.69.4)
    - React-jsi (= 0.69.4)
    - React-RCTNetwork (= 0.69.4)
    - ReactCommon/turbomodule/core (= 0.69.4)
  - React-RCTLinking (0.69.4):
    - React-Codegen (= 0.69.4)
    - React-Core/RCTLinkingHeaders (= 0.69.4)
    - React-jsi (= 0.69.4)
    - ReactCommon/turbomodule/core (= 0.69.4)
  - React-RCTNetwork (0.69.4):
    - RCT-Folly (= 2021.06.28.00-v2)
    - RCTTypeSafety (= 0.69.4)
    - React-Codegen (= 0.69.4)
    - React-Core/RCTNetworkHeaders (= 0.69.4)
    - React-jsi (= 0.69.4)
    - ReactCommon/turbomodule/core (= 0.69.4)
  - React-RCTSettings (0.69.4):
    - RCT-Folly (= 2021.06.28.00-v2)
    - RCTTypeSafety (= 0.69.4)
    - React-Codegen (= 0.69.4)
    - React-Core/RCTSettingsHeaders (= 0.69.4)
    - React-jsi (= 0.69.4)
    - ReactCommon/turbomodule/core (= 0.69.4)
  - React-RCTText (0.69.4):
    - React-Core/RCTTextHeaders (= 0.69.4)
  - React-RCTVibration (0.69.4):
    - RCT-Folly (= 2021.06.28.00-v2)
    - React-Codegen (= 0.69.4)
    - React-Core/RCTVibrationHeaders (= 0.69.4)
    - React-jsi (= 0.69.4)
    - ReactCommon/turbomodule/core (= 0.69.4)
  - React-runtimeexecutor (0.69.4):
    - React-jsi (= 0.69.4)
  - ReactCommon/turbomodule/core (0.69.4):
    - DoubleConversion
    - glog
    - RCT-Folly (= 2021.06.28.00-v2)
    - React-bridging (= 0.69.4)
    - React-callinvoker (= 0.69.4)
    - React-Core (= 0.69.4)
    - React-cxxreact (= 0.69.4)
    - React-jsi (= 0.69.4)
    - React-logger (= 0.69.4)
    - React-perflogger (= 0.69.4)
  - RNBackgroundFetch (4.1.2):
    - React-Core
  - RNCAsyncStorage (1.17.9):
    - React-Core
  - RNCClipboard (1.11.0):
    - React-Core
  - RNCPushNotificationIOS (1.10.1):
    - React-Core
  - RNDeviceInfo (10.0.2):
    - React-Core
  - RNFS (2.20.0):
    - React-Core
  - RNGestureHandler (2.5.0):
    - React-Core
  - RNReanimated (2.10.0):
    - DoubleConversion
    - FBLazyVector
    - FBReactNativeSpec
    - glog
    - RCT-Folly
    - RCTRequired
    - RCTTypeSafety
    - React-callinvoker
    - React-Core
    - React-Core/DevSupport
    - React-Core/RCTWebSocket
    - React-CoreModules
    - React-cxxreact
    - React-jsi
    - React-jsiexecutor
    - React-jsinspector
    - React-RCTActionSheet
    - React-RCTAnimation
    - React-RCTBlob
    - React-RCTImage
    - React-RCTLinking
    - React-RCTNetwork
    - React-RCTSettings
    - React-RCTText
    - ReactCommon/turbomodule/core
    - Yoga
  - RNScreens (3.16.0):
    - React-Core
    - React-RCTImage
  - RNShare (7.9.0):
    - React-Core
  - RNSVG (12.4.4):
    - React-Core
  - RNVectorIcons (9.2.0):
    - React-Core
  - SocketRocket (0.6.0)
  - vision-camera-code-scanner (0.2.0):
    - GoogleMLKit/BarcodeScanning
    - React-Core
  - VisionCamera (2.15.0):
    - React
    - React-callinvoker
    - React-Core
  - Yoga (1.14.0)
  - YogaKit (1.18.1):
    - Yoga (~> 1.14)

DEPENDENCIES:
  - boost (from `../node_modules/react-native/third-party-podspecs/boost.podspec`)
  - BVLinearGradient (from `../node_modules/react-native-linear-gradient`)
  - DoubleConversion (from `../node_modules/react-native/third-party-podspecs/DoubleConversion.podspec`)
  - FBLazyVector (from `../node_modules/react-native/Libraries/FBLazyVector`)
  - FBReactNativeSpec (from `../node_modules/react-native/React/FBReactNativeSpec`)
  - Flipper (= 0.125.0)
  - Flipper-Boost-iOSX (= 1.76.0.1.11)
  - Flipper-DoubleConversion (= 3.2.0.1)
  - Flipper-Fmt (= 7.1.7)
  - Flipper-Folly (= 2.6.10)
  - Flipper-Glog (= 0.5.0.5)
  - Flipper-PeerTalk (= 0.0.4)
  - Flipper-RSocket (= 1.4.3)
  - FlipperKit (= 0.125.0)
  - FlipperKit/Core (= 0.125.0)
  - FlipperKit/CppBridge (= 0.125.0)
  - FlipperKit/FBCxxFollyDynamicConvert (= 0.125.0)
  - FlipperKit/FBDefines (= 0.125.0)
  - FlipperKit/FKPortForwarding (= 0.125.0)
  - FlipperKit/FlipperKitHighlightOverlay (= 0.125.0)
  - FlipperKit/FlipperKitLayoutPlugin (= 0.125.0)
  - FlipperKit/FlipperKitLayoutTextSearchable (= 0.125.0)
  - FlipperKit/FlipperKitNetworkPlugin (= 0.125.0)
  - FlipperKit/FlipperKitReactPlugin (= 0.125.0)
  - FlipperKit/FlipperKitUserDefaultsPlugin (= 0.125.0)
  - FlipperKit/SKIOSNetworkPlugin (= 0.125.0)
  - glog (from `../node_modules/react-native/third-party-podspecs/glog.podspec`)
  - OpenSSL-Universal (= 1.1.1100)
  - RCT-Folly (from `../node_modules/react-native/third-party-podspecs/RCT-Folly.podspec`)
  - RCTRequired (from `../node_modules/react-native/Libraries/RCTRequired`)
  - RCTTypeSafety (from `../node_modules/react-native/Libraries/TypeSafety`)
  - React (from `../node_modules/react-native/`)
  - React-bridging (from `../node_modules/react-native/ReactCommon`)
  - React-callinvoker (from `../node_modules/react-native/ReactCommon/callinvoker`)
  - React-Codegen (from `build/generated/ios`)
  - React-Core (from `../node_modules/react-native/`)
  - React-Core/DevSupport (from `../node_modules/react-native/`)
  - React-Core/RCTWebSocket (from `../node_modules/react-native/`)
  - React-CoreModules (from `../node_modules/react-native/React/CoreModules`)
  - React-cxxreact (from `../node_modules/react-native/ReactCommon/cxxreact`)
  - React-jsi (from `../node_modules/react-native/ReactCommon/jsi`)
  - React-jsiexecutor (from `../node_modules/react-native/ReactCommon/jsiexecutor`)
  - React-jsinspector (from `../node_modules/react-native/ReactCommon/jsinspector`)
  - React-logger (from `../node_modules/react-native/ReactCommon/logger`)
  - "react-native-blur (from `../node_modules/@react-native-community/blur`)"
  - react-native-get-random-values (from `../node_modules/react-native-get-random-values`)
  - react-native-mail (from `../node_modules/react-native-mail`)
  - "react-native-netinfo (from `../node_modules/@react-native-community/netinfo`)"
  - react-native-randombytes (from `../node_modules/react-native-randombytes`)
  - react-native-render-html (from `../node_modules/react-native-render-html`)
  - react-native-safe-area-context (from `../node_modules/react-native-safe-area-context`)
  - react-native-version-number (from `../node_modules/react-native-version-number`)
  - react-native-webview (from `../node_modules/react-native-webview`)
  - React-perflogger (from `../node_modules/react-native/ReactCommon/reactperflogger`)
  - React-RCTActionSheet (from `../node_modules/react-native/Libraries/ActionSheetIOS`)
  - React-RCTAnimation (from `../node_modules/react-native/Libraries/NativeAnimation`)
  - React-RCTBlob (from `../node_modules/react-native/Libraries/Blob`)
  - React-RCTImage (from `../node_modules/react-native/Libraries/Image`)
  - React-RCTLinking (from `../node_modules/react-native/Libraries/LinkingIOS`)
  - React-RCTNetwork (from `../node_modules/react-native/Libraries/Network`)
  - React-RCTSettings (from `../node_modules/react-native/Libraries/Settings`)
  - React-RCTText (from `../node_modules/react-native/Libraries/Text`)
  - React-RCTVibration (from `../node_modules/react-native/Libraries/Vibration`)
  - React-runtimeexecutor (from `../node_modules/react-native/ReactCommon/runtimeexecutor`)
  - ReactCommon/turbomodule/core (from `../node_modules/react-native/ReactCommon`)
  - RNBackgroundFetch (from `../node_modules/react-native-background-fetch`)
  - "RNCAsyncStorage (from `../node_modules/@react-native-async-storage/async-storage`)"
  - "RNCClipboard (from `../node_modules/@react-native-clipboard/clipboard`)"
  - "RNCPushNotificationIOS (from `../node_modules/@react-native-community/push-notification-ios`)"
  - RNDeviceInfo (from `../node_modules/react-native-device-info`)
  - RNFS (from `../node_modules/react-native-fs`)
  - RNGestureHandler (from `../node_modules/react-native-gesture-handler`)
  - RNReanimated (from `../node_modules/react-native-reanimated`)
  - RNScreens (from `../node_modules/react-native-screens`)
  - RNShare (from `../node_modules/react-native-share`)
  - RNSVG (from `../node_modules/react-native-svg`)
  - RNVectorIcons (from `../node_modules/react-native-vector-icons`)
  - vision-camera-code-scanner (from `../node_modules/vision-camera-code-scanner`)
  - VisionCamera (from `../node_modules/react-native-vision-camera`)
  - Yoga (from `../node_modules/react-native/ReactCommon/yoga`)

SPEC REPOS:
  trunk:
    - CocoaAsyncSocket
    - Flipper
    - Flipper-Boost-iOSX
    - Flipper-DoubleConversion
    - Flipper-Fmt
    - Flipper-Folly
    - Flipper-Glog
    - Flipper-PeerTalk
    - Flipper-RSocket
    - FlipperKit
    - fmt
    - GoogleDataTransport
    - GoogleMLKit
    - GoogleToolboxForMac
    - GoogleUtilities
    - GoogleUtilitiesComponents
    - GTMSessionFetcher
    - libevent
    - MLImage
    - MLKitBarcodeScanning
    - MLKitCommon
    - MLKitVision
    - nanopb
    - OpenSSL-Universal
    - PromisesObjC
    - Protobuf
    - SocketRocket
    - YogaKit

EXTERNAL SOURCES:
  boost:
    :podspec: "../node_modules/react-native/third-party-podspecs/boost.podspec"
  BVLinearGradient:
    :path: "../node_modules/react-native-linear-gradient"
  DoubleConversion:
    :podspec: "../node_modules/react-native/third-party-podspecs/DoubleConversion.podspec"
  FBLazyVector:
    :path: "../node_modules/react-native/Libraries/FBLazyVector"
  FBReactNativeSpec:
    :path: "../node_modules/react-native/React/FBReactNativeSpec"
  glog:
    :podspec: "../node_modules/react-native/third-party-podspecs/glog.podspec"
  RCT-Folly:
    :podspec: "../node_modules/react-native/third-party-podspecs/RCT-Folly.podspec"
  RCTRequired:
    :path: "../node_modules/react-native/Libraries/RCTRequired"
  RCTTypeSafety:
    :path: "../node_modules/react-native/Libraries/TypeSafety"
  React:
    :path: "../node_modules/react-native/"
  React-bridging:
    :path: "../node_modules/react-native/ReactCommon"
  React-callinvoker:
    :path: "../node_modules/react-native/ReactCommon/callinvoker"
  React-Codegen:
    :path: build/generated/ios
  React-Core:
    :path: "../node_modules/react-native/"
  React-CoreModules:
    :path: "../node_modules/react-native/React/CoreModules"
  React-cxxreact:
    :path: "../node_modules/react-native/ReactCommon/cxxreact"
  React-jsi:
    :path: "../node_modules/react-native/ReactCommon/jsi"
  React-jsiexecutor:
    :path: "../node_modules/react-native/ReactCommon/jsiexecutor"
  React-jsinspector:
    :path: "../node_modules/react-native/ReactCommon/jsinspector"
  React-logger:
    :path: "../node_modules/react-native/ReactCommon/logger"
  react-native-blur:
    :path: "../node_modules/@react-native-community/blur"
  react-native-get-random-values:
    :path: "../node_modules/react-native-get-random-values"
  react-native-mail:
    :path: "../node_modules/react-native-mail"
  react-native-netinfo:
    :path: "../node_modules/@react-native-community/netinfo"
  react-native-randombytes:
    :path: "../node_modules/react-native-randombytes"
  react-native-render-html:
    :path: "../node_modules/react-native-render-html"
  react-native-safe-area-context:
    :path: "../node_modules/react-native-safe-area-context"
  react-native-version-number:
    :path: "../node_modules/react-native-version-number"
  react-native-webview:
    :path: "../node_modules/react-native-webview"
  React-perflogger:
    :path: "../node_modules/react-native/ReactCommon/reactperflogger"
  React-RCTActionSheet:
    :path: "../node_modules/react-native/Libraries/ActionSheetIOS"
  React-RCTAnimation:
    :path: "../node_modules/react-native/Libraries/NativeAnimation"
  React-RCTBlob:
    :path: "../node_modules/react-native/Libraries/Blob"
  React-RCTImage:
    :path: "../node_modules/react-native/Libraries/Image"
  React-RCTLinking:
    :path: "../node_modules/react-native/Libraries/LinkingIOS"
  React-RCTNetwork:
    :path: "../node_modules/react-native/Libraries/Network"
  React-RCTSettings:
    :path: "../node_modules/react-native/Libraries/Settings"
  React-RCTText:
    :path: "../node_modules/react-native/Libraries/Text"
  React-RCTVibration:
    :path: "../node_modules/react-native/Libraries/Vibration"
  React-runtimeexecutor:
    :path: "../node_modules/react-native/ReactCommon/runtimeexecutor"
  ReactCommon:
    :path: "../node_modules/react-native/ReactCommon"
  RNBackgroundFetch:
    :path: "../node_modules/react-native-background-fetch"
  RNCAsyncStorage:
    :path: "../node_modules/@react-native-async-storage/async-storage"
  RNCClipboard:
    :path: "../node_modules/@react-native-clipboard/clipboard"
  RNCPushNotificationIOS:
    :path: "../node_modules/@react-native-community/push-notification-ios"
  RNDeviceInfo:
    :path: "../node_modules/react-native-device-info"
  RNFS:
    :path: "../node_modules/react-native-fs"
  RNGestureHandler:
    :path: "../node_modules/react-native-gesture-handler"
  RNReanimated:
    :path: "../node_modules/react-native-reanimated"
  RNScreens:
    :path: "../node_modules/react-native-screens"
  RNShare:
    :path: "../node_modules/react-native-share"
  RNSVG:
    :path: "../node_modules/react-native-svg"
  RNVectorIcons:
    :path: "../node_modules/react-native-vector-icons"
  vision-camera-code-scanner:
    :path: "../node_modules/vision-camera-code-scanner"
  VisionCamera:
    :path: "../node_modules/react-native-vision-camera"
  Yoga:
    :path: "../node_modules/react-native/ReactCommon/yoga"

SPEC CHECKSUMS:
  boost: a7c83b31436843459a1961bfd74b96033dc77234
  BVLinearGradient: 34a999fda29036898a09c6a6b728b0b4189e1a44
  CocoaAsyncSocket: 065fd1e645c7abab64f7a6a2007a48038fdc6a99
  DoubleConversion: 5189b271737e1565bdce30deb4a08d647e3f5f54
  FBLazyVector: c71b8c429a8af2aff1013934a7152e9d9d0c937d
  FBReactNativeSpec: cb0df4f0084281b394f76bb9b4d1d9540f35963f
  Flipper: 26fc4b7382499f1281eb8cb921e5c3ad6de91fe0
  Flipper-Boost-iOSX: fd1e2b8cbef7e662a122412d7ac5f5bea715403c
  Flipper-DoubleConversion: 2dc99b02f658daf147069aad9dbd29d8feb06d30
  Flipper-Fmt: 60cbdd92fc254826e61d669a5d87ef7015396a9b
  Flipper-Folly: 584845625005ff068a6ebf41f857f468decd26b3
  Flipper-Glog: 70c50ce58ddaf67dc35180db05f191692570f446
  Flipper-PeerTalk: 116d8f857dc6ef55c7a5a75ea3ceaafe878aadc9
  Flipper-RSocket: d9d9ade67cbecf6ac10730304bf5607266dd2541
  FlipperKit: cbdee19bdd4e7f05472a66ce290f1b729ba3cb86
  fmt: ff9d55029c625d3757ed641535fd4a75fedc7ce9
  glog: 3d02b25ca00c2d456734d0bcff864cbc62f6ae1a
  GoogleDataTransport: 1c8145da7117bd68bbbed00cf304edb6a24de00f
  GoogleMLKit: 0017a6a8372e1a182139b9def4d89be5d87ca5a7
  GoogleToolboxForMac: 8bef7c7c5cf7291c687cf5354f39f9db6399ad34
  GoogleUtilities: 1d20a6ad97ef46f67bbdec158ce00563a671ebb7
  GoogleUtilitiesComponents: 679b2c881db3b615a2777504623df6122dd20afe
  GTMSessionFetcher: 5595ec75acf5be50814f81e9189490412bad82ba
  libevent: 4049cae6c81cdb3654a443be001fb9bdceff7913
  MLImage: 489dfec109f21da8621b28d476401aaf7a0d4ff4
  MLKitBarcodeScanning: d92fe1911001ec36870162c5a0eb206f612b7169
  MLKitCommon: f6da6c5659618c070b50a80db01248ebe2964175
  MLKitVision: 96c96571190b7f63eddf4a12068ce8a8689e0d2c
  nanopb: b552cce312b6c8484180ef47159bc0f65a1f0431
  OpenSSL-Universal: ebc357f1e6bc71fa463ccb2fe676756aff50e88c
  PromisesObjC: ab77feca74fa2823e7af4249b8326368e61014cb
  Protobuf: 02524ec14183fe08fb259741659e79683788158b
  RCT-Folly: b9d9fe1fc70114b751c076104e52f3b1b5e5a95a
  RCTRequired: bd9d2ab0fda10171fcbcf9ba61a7df4dc15a28f4
  RCTTypeSafety: e44e139bf6ec8042db396201834fc2372f6a21cd
  React: 482cd1ba23c471be1aed3800180be2427418d7be
  React-bridging: c2ea4fed6fe4ed27c12fd71e88b5d5d3da107fde
  React-callinvoker: d4d1f98163fb5e35545e910415ef6c04796bb188
  React-Codegen: ff35fb9c7f6ec2ed34fb6de2e1099d88dfb25f2f
  React-Core: 4d3443a45b67c71d74d7243ddde9569d1e4f4fad
  React-CoreModules: 70be25399366b5632ab18ecf6fe444a8165a7bea
  React-cxxreact: 822d3794fc0bf206f4691592f90e086dd4f92228
  React-jsi: ffa51cbc9a78cc156cf61f79ed52ecb76dc6013b
  React-jsiexecutor: a27badbbdbc0ff781813370736a2d1c7261181d4
  React-jsinspector: 8a3d3f5dcd23a91e8c80b1bf0e96902cd1dca999
  React-logger: 1088859f145b8f6dd0d3ed051a647ef0e3e80fad
  react-native-blur: 8cd9b4a8007166ad643f4dff914c3fddd2ff5b9a
  react-native-get-random-values: a6ea6a8a65dc93e96e24a11105b1a9c8cfe1d72a
  react-native-mail: 8fdcd3aef007c33a6877a18eb4cf7447a1d4ce4a
  react-native-netinfo: 51b6a79a6f1729d853aa0bd5085e441f7ef32aa1
  react-native-randombytes: 5fc412efe7b5c55b9002c0004d75fe5fabcaa507
  react-native-render-html: 5af9f6852f5e0cf9b74127537da3370984da51ee
  react-native-safe-area-context: deca3b734e6ad82df91bd6e68f3eb48bbb96b758
  react-native-version-number: 15563dc4145a94aabfc1faab2a9af10174a4204e
  react-native-webview: c09ea739796b91286ae1f581d2db536b48c33911
  React-perflogger: cb386fd44c97ec7f8199c04c12b22066b0f2e1e0
  React-RCTActionSheet: f803a85e46cf5b4066c2ac5e122447f918e9c6e5
  React-RCTAnimation: 19c80fa950ccce7f4db76a2a7f2cf79baae07fc7
  React-RCTBlob: f36ab97e2d515c36df14a1571e50056be80413d5
  React-RCTImage: 2c8f0a329a116248e82f8972ffe806e47c6d1cfa
  React-RCTLinking: 670f0223075aff33be3b89714f1da4f5343fc4af
  React-RCTNetwork: 09385b73f4ff1f46bd5d749540fb33f69a7e5908
  React-RCTSettings: 33b12d3ac7a1f2eba069ec7bd1b84345263b3bbe
  React-RCTText: a1a3ea902403bd9ae4cf6f7960551dc1d25711b5
  React-RCTVibration: 9adb4a3cbb598d1bbd46a05256f445e4b8c70603
  React-runtimeexecutor: 61ee22a8cdf8b6bb2a7fb7b4ba2cc763e5285196
  ReactCommon: 8f67bd7e0a6afade0f20718f859dc8c2275f2e83
  RNBackgroundFetch: 53ae213b276d61583e067d71b3257bfcf93d3d22
  RNCAsyncStorage: 7f9c2d854193313a97c9cc6673f66d2d59d7be81
  RNCClipboard: 44ceb08325c2e90d760723dcecb119b2e547733d
  RNCPushNotificationIOS: 089da3b657e1e3d464f38195fd2e3069608ef5af
  RNDeviceInfo: 5190791856947e0ad6a7f2a8ee336215e84eb6f3
  RNFS: 4ac0f0ea233904cb798630b3c077808c06931688
  RNGestureHandler: bad495418bcbd3ab47017a38d93d290ebd406f50
  RNReanimated: 7faa787e8d4493fbc95fab2ad331fa7625828cfa
  RNScreens: ee31ecdf23fe81e93c74feaa086cf173d758ab58
  RNShare: be91a5c149585affb02c25b351bd07ba927c7006
  RNSVG: ecd661f380a07ba690c9c5929c475a44f432d674
  RNVectorIcons: fcc2f6cb32f5735b586e66d14103a74ce6ad61f8
  SocketRocket: fccef3f9c5cedea1353a9ef6ada904fde10d6608
  vision-camera-code-scanner: 5127525d7792d0dfb0f85e514854dc248300ef0d
  VisionCamera: 098a6ae84e98bf995422b2f3d50c96f1ef4dd22b
  Yoga: ff994563b2fd98c982ca58e8cd9db2cdaf4dda74
  YogaKit: f782866e155069a2cca2517aafea43200b01fd5a

PODFILE CHECKSUM: c06741bcc615c66c51c658e342dbd8915f508eb7

COCOAPODS: 1.11.3
